
Microsoft Visual Studio Solution File, Format Version 12.00
# Visual Studio Version 16
VisualStudioVersion = 16.0.30621.155
MinimumVisualStudioVersion = 10.0.40219.1
Project("{9A19103F-16F7-4668-BE54-9A1E7A4F7556}") = "Vasont.Publisher.Models", "Vasont.Publisher.Models.csproj", "{6413FA22-B574-4898-A391-CC221C7CE354}"
EndProject
Global
	GlobalSection(SolutionConfigurationPlatforms) = preSolution
		Debug|Any CPU = Debug|Any CPU
		Release|Any CPU = Release|Any CPU
	EndGlobalSection
	GlobalSection(ProjectConfigurationPlatforms) = postSolution
		{6413FA22-B574-4898-A391-CC221C7CE354}.Debug|Any CPU.ActiveCfg = Debug|Any CPU
		{6413FA22-B574-4898-A391-CC221C7CE354}.Debug|Any CPU.Build.0 = Debug|Any CPU
		{6413FA22-B574-4898-A391-CC221C7CE354}.Release|Any CPU.ActiveCfg = Release|Any CPU
		{6413FA22-B574-4898-A391-CC221C7CE354}.Release|Any CPU.Build.0 = Release|Any CPU
	EndGlobalSection
	GlobalSection(SolutionProperties) = preSolution
		HideSolutionNode = FALSE
	EndGlobalSection
	GlobalSection(ExtensibilityGlobals) = postSolution
		SolutionGuid = {AEB99337-61CB-4474-84CA-229FFB0FDDF9}
	EndGlobalSection
EndGlobal
